
Microsoft Visual Studio Solution File, Format Version 12.00
# Visual Studio Version 16
VisualStudioVersion = 16.0.30011.22
MinimumVisualStudioVersion = 10.0.40219.1
Project("{9A19103F-16F7-4668-BE54-9A1E7A4F7556}") = "Be.Stateless.BizTalk.Factory.Application.Deployment", "src\Be.Stateless.BizTalk.Factory.Application.Deployment\Be.Stateless.BizTalk.Factory.Application.Deployment.csproj", "{3E939C73-56EE-4F32-84B0-EC93A946CAAE}"
EndProject
Project("{9A19103F-16F7-4668-BE54-9A1E7A4F7556}") = "Be.Stateless.BizTalk.Factory.Settings", "src\Be.Stateless.BizTalk.Factory.Settings\Be.Stateless.BizTalk.Factory.Settings.csproj", "{6AB4AB87-7F58-4760-A067-B49967687D2A}"
EndProject
Global
	GlobalSection(SolutionConfigurationPlatforms) = preSolution
		Debug|Any CPU = Debug|Any CPU
		Release|Any CPU = Release|Any CPU
	EndGlobalSection
	GlobalSection(ProjectConfigurationPlatforms) = postSolution
		{3E939C73-56EE-4F32-84B0-EC93A946CAAE}.Debug|Any CPU.ActiveCfg = Debug|Any CPU
		{3E939C73-56EE-4F32-84B0-EC93A946CAAE}.Debug|Any CPU.Build.0 = Debug|Any CPU
		{3E939C73-56EE-4F32-84B0-EC93A946CAAE}.Release|Any CPU.ActiveCfg = Release|Any CPU
		{3E939C73-56EE-4F32-84B0-EC93A946CAAE}.Release|Any CPU.Build.0 = Release|Any CPU
		{6AB4AB87-7F58-4760-A067-B49967687D2A}.Debug|Any CPU.ActiveCfg = Debug|Any CPU
		{6AB4AB87-7F58-4760-A067-B49967687D2A}.Debug|Any CPU.Build.0 = Debug|Any CPU
		{6AB4AB87-7F58-4760-A067-B49967687D2A}.Release|Any CPU.ActiveCfg = Release|Any CPU
		{6AB4AB87-7F58-4760-A067-B49967687D2A}.Release|Any CPU.Build.0 = Release|Any CPU
	EndGlobalSection
	GlobalSection(SolutionProperties) = preSolution
		HideSolutionNode = FALSE
	EndGlobalSection
	GlobalSection(ExtensibilityGlobals) = postSolution
		SolutionGuid = {7130F230-785A-4370-9DCB-FE9B4BC9F3F9}
	EndGlobalSection
EndGlobal
